
Microsoft Visual Studio Solution File, Format Version 12.00
# Visual Studio Version 16
VisualStudioVersion = 25.0.1706.7
MinimumVisualStudioVersion = 10.0.40219.1
Project("{FAE04EC0-301F-11D3-BF4B-00C04F79EFBC}") = "07_lab", "07_lab\07_lab.csproj", "{D3CF44F1-F77A-49D5-B6A9-0138C94CF72D}"
EndProject
Global
	GlobalSection(SolutionConfigurationPlatforms) = preSolution
		Debug|Any CPU = Debug|Any CPU
		Release|Any CPU = Release|Any CPU
	EndGlobalSection
	GlobalSection(ProjectConfigurationPlatforms) = postSolution
		{D3CF44F1-F77A-49D5-B6A9-0138C94CF72D}.Debug|Any CPU.ActiveCfg = Debug|Any CPU
		{D3CF44F1-F77A-49D5-B6A9-0138C94CF72D}.Debug|Any CPU.Build.0 = Debug|Any CPU
		{D3CF44F1-F77A-49D5-B6A9-0138C94CF72D}.Release|Any CPU.ActiveCfg = Release|Any CPU
		{D3CF44F1-F77A-49D5-B6A9-0138C94CF72D}.Release|Any CPU.Build.0 = Release|Any CPU
	EndGlobalSection
	GlobalSection(SolutionProperties) = preSolution
		HideSolutionNode = FALSE
	EndGlobalSection
	GlobalSection(ExtensibilityGlobals) = postSolution
		SolutionGuid = {EC34CEF4-5F6F-4E8E-8984-C57EB0A8854A}
	EndGlobalSection
EndGlobal
