
Microsoft Visual Studio Solution File, Format Version 12.00
# Visual Studio Version 16
VisualStudioVersion = 25.0.1706.7
MinimumVisualStudioVersion = 10.0.40219.1
Project("{FAE04EC0-301F-11D3-BF4B-00C04F79EFBC}") = "StructType", "StructType\StructType.csproj", "{23F90017-F32B-42AF-80A6-234DD71C0DCE}"
EndProject
Global
	GlobalSection(SolutionConfigurationPlatforms) = preSolution
		Debug|Any CPU = Debug|Any CPU
		Release|Any CPU = Release|Any CPU
	EndGlobalSection
	GlobalSection(ProjectConfigurationPlatforms) = postSolution
		{23F90017-F32B-42AF-80A6-234DD71C0DCE}.Debug|Any CPU.ActiveCfg = Debug|Any CPU
		{23F90017-F32B-42AF-80A6-234DD71C0DCE}.Debug|Any CPU.Build.0 = Debug|Any CPU
		{23F90017-F32B-42AF-80A6-234DD71C0DCE}.Release|Any CPU.ActiveCfg = Release|Any CPU
		{23F90017-F32B-42AF-80A6-234DD71C0DCE}.Release|Any CPU.Build.0 = Release|Any CPU
	EndGlobalSection
	GlobalSection(SolutionProperties) = preSolution
		HideSolutionNode = FALSE
	EndGlobalSection
	GlobalSection(ExtensibilityGlobals) = postSolution
		SolutionGuid = {A0C28F8C-6C96-4B66-8D01-F732C1003778}
	EndGlobalSection
EndGlobal
